<?xml version="1.0" encoding="utf-8"?>
<Project ToolsVersion="4.0" xmlns="http://schemas.microsoft.com/developer/msbuild/2003">
  <ItemGroup>
    <ClCompile Include="UnrealNames.cpp">
      <Filter>Engine\Source\Runtime\Core\Private\UObject</Filter>
    </ClCompile>
    <ClCompile Include="Class.cpp">
      <Filter>Engine\Source\Runtime\CoreUObject\Private</Filter>
    </ClCompile>
    <ClCompile Include="NameTypes.cpp">
      <Filter>Engine\Source\Runtime\CoreUObject\Private</Filter>
    </ClCompile>
    <ClCompile Include="UObjectGlobals.cpp">
      <Filter>Engine\Source\Runtime\CoreUObject\Private</Filter>
    </ClCompile>
    <ClCompile Include="KismetStringLibrary.cpp">
      <Filter>Engine\Source\Runtime\Engine\Private</Filter>
    </ClCompile>
    <ClCompile Include="FortGameModeZone.cpp">
      <Filter>FortniteGame\Source\FortniteGame\Private</Filter>
    </ClCompile>
    <ClCompile Include="Object.cpp">
      <Filter>Engine\Source\Runtime\CoreUObject\Private</Filter>
    </ClCompile>
    <ClCompile Include="LevelActor.cpp">
      <Filter>Engine\Source\Runtime\Engine\Private</Filter>
    </ClCompile>
    <ClCompile Include="FortGameModeAthena.cpp">
      <Filter>FortniteGame\Source\FortniteGame\Private</Filter>
    </ClCompile>
    <ClCompile Include="World.cpp">
      <Filter>Engine\Source\Runtime\Engine\Private</Filter>
    </ClCompile>
    <ClCompile Include="GameModeBase.cpp">
      <Filter>Engine\Source\Runtime\Engine\Private</Filter>
    </ClCompile>
    <ClCompile Include="Actor.cpp">
      <Filter>Engine\Source\Runtime\Engine\Private</Filter>
    </ClCompile>
    <ClCompile Include="NetDriver.cpp">
      <Filter>Engine\Source\Runtime\Engine\Private</Filter>
    </ClCompile>
    <ClCompile Include="FortInventory.cpp">
      <Filter>FortniteGame\Source\FortniteGame\Private\Items</Filter>
    </ClCompile>
    <ClCompile Include="FortInventory.h">
      <Filter>FortniteGame\Source\FortniteGame\Public\Items</Filter>
    </ClCompile>
    <ClCompile Include="AbilitySystemComponent_Abilities.cpp">
      <Filter>Engine\Plugins\Runtime\GameplayAbilities\Source\GameplayAbilities\Private</Filter>
    </ClCompile>
    <ClCompile Include="FortPlayerController.cpp">
      <Filter>FortniteGame\Source\FortniteGame\Private\Player</Filter>
    </ClCompile>
    <ClCompile Include="UnrealMath.cpp">
      <Filter>Engine\Source\Runtime\Core\Private\Math</Filter>
    </ClCompile>
    <ClCompile Include="FortItem.cpp">
      <Filter>FortniteGame\Source\FortniteGame\Private\Items</Filter>
    </ClCompile>
    <ClCompile Include="FortItemDefinition.cpp">
      <Filter>FortniteGame\Source\FortniteGame\Private\Items</Filter>
    </ClCompile>
    <ClCompile Include="BuildingWeapons.cpp">
      <Filter>FortniteGame\Source\FortniteGame\Private\Weapons</Filter>
    </ClCompile>
    <ClCompile Include="FortGameStateAthena.cpp">
      <Filter>FortniteGame\Source\FortniteGame\Private</Filter>
    </ClCompile>
    <ClCompile Include="GameplayStatics.cpp">
      <Filter>Engine\Source\Runtime\Engine\Private</Filter>
    </ClCompile>
    <ClCompile Include="PlayerController.cpp">
      <Filter>Engine\Source\Runtime\Engine\Private</Filter>
    </ClCompile>
    <ClCompile Include="ActorComponent.cpp">
      <Filter>Engine\Source\Runtime\Engine\Private\Components</Filter>
    </ClCompile>
    <ClCompile Include="FortLootPackage.cpp">
      <Filter>FortniteGame\Source\FortniteGame\Private\Items</Filter>
    </ClCompile>
    <ClCompile Include="FortKismetLibrary.cpp">
      <Filter>FortniteGame\Source\FortniteGame\Private</Filter>
    </ClCompile>
    <ClCompile Include="BuildingActor.cpp">
      <Filter>FortniteGame\Source\FortniteGame\Private\Building</Filter>
    </ClCompile>
    <ClCompile Include="FortWeapon.cpp">
      <Filter>FortniteGame\Source\FortniteGame\Private\Weapons</Filter>
    </ClCompile>
    <ClCompile Include="BuildingSMActor.cpp">
      <Filter>FortniteGame\Source\FortniteGame\Private\Building</Filter>
    </ClCompile>
    <ClCompile Include="DataTableFunctionLibrary.cpp">
      <Filter>Engine\Source\Runtime\Engine\Private</Filter>
    </ClCompile>
    <ClCompile Include="KismetMathLibrary.cpp">
      <Filter>Engine\Source\Runtime\Engine\Private</Filter>
    </ClCompile>
    <ClCompile Include="FortPickup.cpp">
      <Filter>FortniteGame\Source\FortniteGame\Private\Items</Filter>
    </ClCompile>
    <ClCompile Include="FortPlayerPawn.cpp">
      <Filter>FortniteGame\Source\FortniteGame\Private\Pawns</Filter>
    </ClCompile>
    <ClCompile Include="FortPlayerControllerAthena.cpp">
      <Filter>FortniteGame\Source\FortniteGame\Private\Player</Filter>
    </ClCompile>
    <ClCompile Include="FortDecoItemDefinition.cpp">
      <Filter>FortniteGame\Source\FortniteGame\Private\Items</Filter>
    </ClCompile>
    <ClCompile Include="FortPlaysetItemDefinition.cpp">
      <Filter>FortniteGame\Source\FortniteGame\Private\Items</Filter>
    </ClCompile>
    <ClCompile Include="FortInventoryInterface.cpp">
      <Filter>FortniteGame\Source\FortniteGame\Private\Items</Filter>
    </ClCompile>
    <ClCompile Include="BuildingTrap.cpp">
      <Filter>FortniteGame\Source\FortniteGame\Private\Building</Filter>
    </ClCompile>
    <ClCompile Include="FortAthenaCreativePortal.cpp">
      <Filter>FortniteGame\Source\FortniteGame\Private\Creative</Filter>
    </ClCompile>
    <ClCompile Include="FortAthenaSupplyDrop.cpp">
      <Filter>FortniteGame\Source\FortniteGame\Private\Building\GameplayActors</Filter>
    </ClCompile>
    <ClCompile Include="FortMinigame.cpp">
      <Filter>FortniteGame\Source\FortniteGame\Private\Creative\Minigame</Filter>
    </ClCompile>
    <ClCompile Include="GameState.cpp">
      <Filter>Engine\Source\Runtime\Engine\Private</Filter>
    </ClCompile>
    <ClCompile Include="addresses.cpp">
      <Filter>Reboot\Private</Filter>
    </ClCompile>
    <ClCompile Include="NetConnection.h">
      <Filter>Engine\Source\Runtime\Engine\Classes\Engine</Filter>
    </ClCompile>
    <ClCompile Include="Controller.cpp">
      <Filter>Engine\Source\Runtime\Engine\Private</Filter>
    </ClCompile>
    <ClCompile Include="FortGameMode.cpp">
      <Filter>FortniteGame\Source\FortniteGame\Private</Filter>
    </ClCompile>
    <ClCompile Include="AthenaMarkerComponent.cpp">
      <Filter>FortniteGame\Source\FortniteGame\Private</Filter>
    </ClCompile>
    <ClCompile Include="PlayerState.cpp">
      <Filter>Engine\Source\Runtime\Engine\Private</Filter>
    </ClCompile>
    <ClCompile Include="InventoryManagementLibrary.cpp">
      <Filter>FortniteGame\Source\FortniteGame\Private</Filter>
    </ClCompile>
    <ClCompile Include="GameMode.cpp">
      <Filter>Engine\Source\Runtime\Engine\Private</Filter>
    </ClCompile>
    <ClCompile Include="FortPlayerStateAthena.cpp">
      <Filter>FortniteGame\Source\FortniteGame\Private\Player</Filter>
    </ClCompile>
    <ClCompile Include="Level.cpp">
      <Filter>Engine\Source\Runtime\Engine\Private</Filter>
    </ClCompile>
    <ClCompile Include="NetworkObjectList.cpp">
      <Filter>Engine\Source\Runtime\Engine\Private</Filter>
    </ClCompile>
    <ClCompile Include="FortPlayerPawnAthena.cpp">
      <Filter>FortniteGame\Source\FortniteGame\Private\Pawns</Filter>
    </ClCompile>
    <ClCompile Include="EngineTypes.cpp">
      <Filter>Engine\Source\Runtime\Engine\Private</Filter>
    </ClCompile>
    <ClCompile Include="DataChannel.cpp">
      <Filter>Engine\Source\Runtime\Engine\Private</Filter>
    </ClCompile>
    <ClCompile Include="FortGameplayAbilityAthena_PeriodicItemGrant.cpp">
      <Filter>FortniteGame\Source\FortniteGame\Private\Abilities</Filter>
    </ClCompile>
    <ClCompile Include="KismetTextLibrary.cpp">
      <Filter>Engine\Source\Runtime\Engine\Private</Filter>
    </ClCompile>
    <ClCompile Include="FortOctopusVehicle.cpp">
      <Filter>FortniteGame\Source\FortniteGame\Private\Vehicle</Filter>
    </ClCompile>
    <ClCompile Include="BuildingStructuralSupportSystem.cpp">
      <Filter>FortniteGame\Source\FortniteGame\Private</Filter>
    </ClCompile>
    <ClCompile Include="FortGadgetItemDefinition.cpp">
      <Filter>FortniteGame\Source\FortniteGame\Private\Items</Filter>
    </ClCompile>
    <ClCompile Include="..\vendor\ImGui\imgui.cpp">
      <Filter>Libaries\ImGUI</Filter>
    </ClCompile>
    <ClCompile Include="..\vendor\ImGui\imgui_demo.cpp">
      <Filter>Libaries\ImGUI</Filter>
    </ClCompile>
    <ClCompile Include="..\vendor\ImGui\imgui_draw.cpp">
      <Filter>Libaries\ImGUI</Filter>
    </ClCompile>
    <ClCompile Include="..\vendor\ImGui\imgui_impl_dx9.cpp">
      <Filter>Libaries\ImGUI</Filter>
    </ClCompile>
    <ClCompile Include="..\vendor\ImGui\imgui_impl_win32.cpp">
      <Filter>Libaries\ImGUI</Filter>
    </ClCompile>
    <ClCompile Include="..\vendor\ImGui\imgui_stdlib.cpp">
      <Filter>Libaries\ImGUI</Filter>
    </ClCompile>
    <ClCompile Include="..\vendor\ImGui\imgui_tables.cpp">
      <Filter>Libaries\ImGUI</Filter>
    </ClCompile>
    <ClCompile Include="..\vendor\ImGui\imgui_widgets.cpp">
      <Filter>Libaries\ImGUI</Filter>
    </ClCompile>
    <ClCompile Include="FortWeaponRangedMountedCannon.cpp">
      <Filter>FortniteGame\Source\FortniteGame\Private\Vehicle</Filter>
    </ClCompile>
    <ClCompile Include="FortAthenaVehicle.cpp">
      <Filter>FortniteGame\Source\FortniteGame\Private\Vehicle</Filter>
    </ClCompile>
    <ClCompile Include="CheatManager.cpp">
      <Filter>Engine\Source\Runtime\Engine\Private</Filter>
    </ClCompile>
    <ClCompile Include="BuildingFoundation.cpp">
      <Filter>FortniteGame\Source\FortniteGame\Private\Building</Filter>
    </ClCompile>
    <ClCompile Include="FortSafeZoneIndicator.cpp">
      <Filter>FortniteGame\Source\FortniteGame\Private</Filter>
    </ClCompile>
    <ClCompile Include="GenericPlatformMath.cpp">
      <Filter>Engine\Source\Runtime\Core\Private\GenericPlatform</Filter>
    </ClCompile>
    <ClCompile Include="calendar.h">
      <Filter>Reboot\Public</Filter>
    </ClCompile>
    <ClCompile Include="NetConnection.cpp">
      <Filter>Engine\Source\Runtime\Engine\Private</Filter>
    </ClCompile>
    <ClCompile Include="dllmain.cpp">
      <Filter>Reboot\Public</Filter>
    </ClCompile>
    <ClCompile Include="SavePackage.cpp">
      <Filter>Engine\Source\Runtime\CoreUObject\Private</Filter>
    </ClCompile>
    <ClCompile Include="FortAthenaVehicleSpawner.cpp">
      <Filter>FortniteGame\Source\FortniteGame\Private\Vehicle</Filter>
    </ClCompile>
    <ClCompile Include="BuildingContainer.cpp">
      <Filter>FortniteGame\Source\FortniteGame\Private\Building</Filter>
    </ClCompile>
    <ClCompile Include="FortAthenaMapInfo.cpp">
      <Filter>FortniteGame\Source\FortniteGame\Private</Filter>
    </ClCompile>
    <ClCompile Include="FortWeaponItemDefinition.cpp">
      <Filter>FortniteGame\Source\FortniteGame\Private\Items</Filter>
    </ClCompile>
    <ClCompile Include="FortAthenaMutator_Barrier.cpp">
      <Filter>FortniteGame\Source\FortniteGame\Private\Athena\Modifiers</Filter>
    </ClCompile>
    <ClCompile Include="FortAthenaMutator_GiveItemsAtGamePhaseStep.cpp">
      <Filter>FortniteGame\Source\FortniteGame\Private\Athena\Modifiers</Filter>
    </ClCompile>
    <ClCompile Include="FortAthenaMutator_Disco.cpp">
      <Filter>FortniteGame\Source\FortniteGame\Private\Athena\Modifiers</Filter>
    </ClCompile>
    <ClCompile Include="inc.cpp">
      <Filter>Reboot\Private</Filter>
    </ClCompile>
    <ClCompile Include="reboot.cpp">
      <Filter>Reboot\Private</Filter>
    </ClCompile>
    <ClCompile Include="FortGameSessionDedicatedAthena.cpp">
      <Filter>FortniteGame\Source\FortniteGame\Private\Athena</Filter>
    </ClCompile>
    <ClCompile Include="FortPlayerState.cpp">
      <Filter>FortniteGame\Source\FortniteGame\Private\Player</Filter>
    </ClCompile>
    <ClCompile Include="BuildingGameplayActorSpawnMachine.cpp">
      <Filter>FortniteGame\Source\FortniteGame\Private\Building</Filter>
    </ClCompile>
    <ClCompile Include="BP_IslandScripting.cpp">
      <Filter>FortniteGame\Source\FortniteGame\Private\Athena\Island</Filter>
    </ClCompile>
    <ClCompile Include="KismetSystemLibrary.cpp">
      <Filter>Engine\Source\Runtime\Engine\Private</Filter>
    </ClCompile>
    <ClCompile Include="FortPawn.cpp">
      <Filter>FortniteGame\Source\FortniteGame\Private\Player</Filter>
    </ClCompile>
    <ClCompile Include="ScriptDisassembler.cpp">
      <Filter>Engine\Source\Developer\ScriptDisassembler\Private</Filter>
    </ClCompile>
    <ClCompile Include="FortLootLevel.cpp">
      <Filter>FortniteGame\Source\FortniteGame\Private\Items</Filter>
    </ClCompile>
    <ClCompile Include="finder.cpp">
      <Filter>Reboot\Private</Filter>
    </ClCompile>
    <ClCompile Include="objectviewer.cpp">
      <Filter>Reboot\Private</Filter>
    </ClCompile>
    <ClCompile Include="commands.cpp">
      <Filter>Reboot\Private</Filter>
    </ClCompile>
    <ClCompile Include="extra.cpp">
      <Filter>Reboot\Private</Filter>
    </ClCompile>
  </ItemGroup>
  <ItemGroup>
    <ClInclude Include="log.h" />
    <ClInclude Include="finder.h" />
    <ClInclude Include="Array.h">
      <Filter>Engine\Source\Runtime\Core\Public\Containers</Filter>
    </ClInclude>
    <ClInclude Include="UnrealString.h">
      <Filter>Engine\Source\Runtime\Core\Public\Containers</Filter>
    </ClInclude>
    <ClInclude Include="NameTypes.h">
      <Filter>Engine\Source\Runtime\Core\Public\UObject</Filter>
    </ClInclude>
    <ClInclude Include="Class.h">
      <Filter>Engine\Source\Runtime\CoreUObject\Public\UObject</Filter>
    </ClInclude>
    <ClInclude Include="Object.h">
      <Filter>Engine\Source\Runtime\CoreUObject\Public\UObject</Filter>
    </ClInclude>
    <ClInclude Include="ObjectMacros.h">
      <Filter>Engine\Source\Runtime\CoreUObject\Public\UObject</Filter>
    </ClInclude>
    <ClInclude Include="UObjectArray.h">
      <Filter>Engine\Source\Runtime\CoreUObject\Public\UObject</Filter>
    </ClInclude>
    <ClInclude Include="UObjectGlobals.h">
      <Filter>Engine\Source\Runtime\CoreUObject\Public\UObject</Filter>
    </ClInclude>
    <ClInclude Include="Engine.h">
      <Filter>Engine\Source\Runtime\Engine\Classes\Engine</Filter>
    </ClInclude>
    <ClInclude Include="Stack.h">
      <Filter>Engine\Source\Runtime\CoreUObject\Public\UObject</Filter>
    </ClInclude>
    <ClInclude Include="OutputDevice.h">
      <Filter>Engine\Source\Runtime\Core\Public\Misc</Filter>
    </ClInclude>
    <ClInclude Include="NetDriver.h">
      <Filter>Engine\Source\Runtime\Engine\Classes\Engine</Filter>
    </ClInclude>
    <ClInclude Include="World.h">
      <Filter>Engine\Source\Runtime\Engine\Classes\Engine</Filter>
    </ClInclude>
    <ClInclude Include="KismetStringLibrary.h">
      <Filter>Engine\Source\Runtime\Engine\Classes\Kismet</Filter>
    </ClInclude>
    <ClInclude Include="Actor.h">
      <Filter>Engine\Source\Runtime\Engine\Classes\GameFramework</Filter>
    </ClInclude>
    <ClInclude Include="GameMode.h">
      <Filter>Engine\Source\Runtime\Engine\Classes\GameFramework</Filter>
    </ClInclude>
    <ClInclude Include="FortGameModeZone.h">
      <Filter>FortniteGame\Source\FortniteGame\Public</Filter>
    </ClInclude>
    <ClInclude Include="FortGameMode.h">
      <Filter>FortniteGame\Source\FortniteGame\Public</Filter>
    </ClInclude>
    <ClInclude Include="FortGameModeAthena.h">
      <Filter>FortniteGame\Source\FortniteGame\Public</Filter>
    </ClInclude>
    <ClInclude Include="FortGameModePvPBase.h">
      <Filter>FortniteGame\Source\FortniteGame\Public</Filter>
    </ClInclude>
    <ClInclude Include="Transform.h">
      <Filter>Engine\Source\Runtime\Core\Public\Math</Filter>
    </ClInclude>
    <ClInclude Include="Quat.h">
      <Filter>Engine\Source\Runtime\Core\Public\Math</Filter>
    </ClInclude>
    <ClInclude Include="EngineTypes.h">
      <Filter>Engine\Source\Runtime\Engine\Classes\Engine</Filter>
    </ClInclude>
    <ClInclude Include="hooking.h" />
    <ClInclude Include="GameModeBase.h">
      <Filter>Engine\Source\Runtime\Engine\Classes\GameFramework</Filter>
    </ClInclude>
    <ClInclude Include="Controller.h">
      <Filter>Engine\Source\Runtime\Engine\Classes\GameFramework</Filter>
    </ClInclude>
    <ClInclude Include="Pawn.h">
      <Filter>Engine\Source\Runtime\Engine\Classes\GameFramework</Filter>
    </ClInclude>
    <ClInclude Include="GameSession.h">
      <Filter>Engine\Source\Runtime\Engine\Classes\GameFramework</Filter>
    </ClInclude>
    <ClInclude Include="NetSerialization.h">
      <Filter>Engine\Source\Runtime\Engine\Classes\Engine</Filter>
    </ClInclude>
    <ClInclude Include="FortItem.h">
      <Filter>FortniteGame\Source\FortniteGame\Public\Items</Filter>
    </ClInclude>
    <ClInclude Include="FortItemDefinition.h">
      <Filter>FortniteGame\Source\FortniteGame\Public\Items</Filter>
    </ClInclude>
    <ClInclude Include="FortPlayerControllerAthena.h">
      <Filter>FortniteGame\Source\FortniteGame\Public\Player</Filter>
    </ClInclude>
    <ClInclude Include="PlayerController.h">
      <Filter>Engine\Source\Runtime\Engine\Classes\Engine</Filter>
    </ClInclude>
    <ClInclude Include="FortPlayerController.h">
      <Filter>FortniteGame\Source\FortniteGame\Public\Player</Filter>
    </ClInclude>
    <ClInclude Include="FortPawn.h">
      <Filter>FortniteGame\Source\FortniteGame\Public\Pawns</Filter>
    </ClInclude>
    <ClInclude Include="FortWeapon.h">
      <Filter>FortniteGame\Source\FortniteGame\Public\Weapons</Filter>
    </ClInclude>
    <ClInclude Include="FortWorldItemDefinition.h">
      <Filter>FortniteGame\Source\FortniteGame\Public\Items</Filter>
    </ClInclude>
    <ClInclude Include="FortWeaponItemDefinition.h">
      <Filter>FortniteGame\Source\FortniteGame\Public\Items</Filter>
    </ClInclude>
    <ClInclude Include="PlayerState.h">
      <Filter>Engine\Source\Runtime\Engine\Classes\GameFramework</Filter>
    </ClInclude>
    <ClInclude Include="FortPlayerState.h">
      <Filter>FortniteGame\Source\FortniteGame\Public\Player</Filter>
    </ClInclude>
    <ClInclude Include="FortPlayerStateAthena.h">
      <Filter>FortniteGame\Source\FortniteGame\Public\Player</Filter>
    </ClInclude>
    <ClInclude Include="FortGameStateAthena.h">
      <Filter>FortniteGame\Source\FortniteGame\Public</Filter>
    </ClInclude>
    <ClInclude Include="GameState.h">
      <Filter>Engine\Source\Runtime\Engine\Classes\GameFramework</Filter>
    </ClInclude>
    <ClInclude Include="AbilitySystemComponent.h">
      <Filter>Engine\Plugins\Runtime\GameplayAbilities\Source\GameplayAbilities\Public</Filter>
    </ClInclude>
    <ClInclude Include="GameplayAbilitySpec.h">
      <Filter>Engine\Plugins\Runtime\GameplayAbilities\Source\GameplayAbilities\Public</Filter>
    </ClInclude>
    <ClInclude Include="KismetSystemLibrary.h">
      <Filter>Engine\Source\Runtime\Engine\Classes\Kismet</Filter>
    </ClInclude>
    <ClInclude Include="BuildingActor.h">
      <Filter>FortniteGame\Source\FortniteGame\Public\Building</Filter>
    </ClInclude>
    <ClInclude Include="BuildingSMActor.h">
      <Filter>FortniteGame\Source\FortniteGame\Public\Building</Filter>
    </ClInclude>
    <ClInclude Include="Rotator.h">
      <Filter>Engine\Source\Runtime\Core\Public\Math</Filter>
    </ClInclude>
    <ClInclude Include="ScriptInterface.h">
      <Filter>Engine\Source\Runtime\CoreUObject\Public\UObject</Filter>
    </ClInclude>
    <ClInclude Include="BuildingWeapons.h">
      <Filter>FortniteGame\Source\FortniteGame\Public\Weapons</Filter>
    </ClInclude>
    <ClInclude Include="GameplayStatics.h">
      <Filter>Engine\Source\Runtime\Engine\Classes\Kismet</Filter>
    </ClInclude>
    <ClInclude Include="ActorComponent.h">
      <Filter>Engine\Source\Runtime\Engine\Classes\Components</Filter>
    </ClInclude>
    <ClInclude Include="FortLootPackage.h">
      <Filter>FortniteGame\Source\FortniteGame\Public\Items</Filter>
    </ClInclude>
    <ClInclude Include="FortKismetLibrary.h">
      <Filter>FortniteGame\Source\FortniteGame\Public</Filter>
    </ClInclude>
    <ClInclude Include="GameplayTagContainer.h">
      <Filter>Engine\Source\Runtime\GameplayTags\Classes</Filter>
    </ClInclude>
    <ClInclude Include="FortWeaponMeleeItemDefinition.h">
      <Filter>FortniteGame\Source\FortniteGame\Public\Items</Filter>
    </ClInclude>
    <ClInclude Include="CurveTable.h">
      <Filter>Engine\Source\Runtime\Engine\Classes\Engine</Filter>
    </ClInclude>
    <ClInclude Include="DataTable.h">
      <Filter>Engine\Source\Runtime\Engine\Classes\Engine</Filter>
    </ClInclude>
    <ClInclude Include="FortResourceItemDefinition.h">
      <Filter>FortniteGame\Source\FortniteGame\Public\Items</Filter>
    </ClInclude>
    <ClInclude Include="Map.h">
      <Filter>Engine\Source\Runtime\Core\Public\Containers</Filter>
    </ClInclude>
    <ClInclude Include="Tuple.h">
      <Filter>Engine\Source\Runtime\Core\Public\Templates</Filter>
    </ClInclude>
    <ClInclude Include="Set.h">
      <Filter>Engine\Source\Runtime\Core\Public\Containers</Filter>
    </ClInclude>
    <ClInclude Include="SparseArray.h">
      <Filter>Engine\Source\Runtime\Core\Public\Containers</Filter>
    </ClInclude>
    <ClInclude Include="BitArray.h">
      <Filter>Engine\Source\Runtime\Core\Public\Containers</Filter>
    </ClInclude>
    <ClInclude Include="ContainerAllocationPolicies.h">
      <Filter>Engine\Source\Runtime\Core\Public\Containers</Filter>
    </ClInclude>
    <ClInclude Include="DataTableFunctionLibrary.h">
      <Filter>Engine\Source\Runtime\Engine\Classes\Kismet</Filter>
    </ClInclude>
    <ClInclude Include="SoftObjectPtr.h">
      <Filter>Engine\Source\Runtime\CoreUObject\Public\UObject</Filter>
    </ClInclude>
    <ClInclude Include="PersistentObjectPtr.h">
      <Filter>Engine\Source\Runtime\CoreUObject\Public\UObject</Filter>
    </ClInclude>
    <ClInclude Include="WeakObjectPtr.h">
      <Filter>Engine\Source\Runtime\CoreUObject\Public\UObject</Filter>
    </ClInclude>
    <ClInclude Include="SoftObjectPath.h">
      <Filter>Engine\Source\Runtime\CoreUObject\Public\UObject</Filter>
    </ClInclude>
    <ClInclude Include="KismetMathLibrary.h">
      <Filter>Engine\Source\Runtime\Engine\Classes\Kismet</Filter>
    </ClInclude>
    <ClInclude Include="FortPickup.h">
      <Filter>FortniteGame\Source\FortniteGame\Public\Items</Filter>
    </ClInclude>
    <ClInclude Include="BuildingContainer.h">
      <Filter>FortniteGame\Source\FortniteGame\Public\Building</Filter>
    </ClInclude>
    <ClInclude Include="FortPlayerPawn.h">
      <Filter>FortniteGame\Source\FortniteGame\Public\Pawns</Filter>
    </ClInclude>
    <ClInclude Include="addresses.h">
      <Filter>Reboot\Public</Filter>
    </ClInclude>
    <ClInclude Include="reboot.h">
      <Filter>Reboot\Public</Filter>
    </ClInclude>
    <ClInclude Include="events.h">
      <Filter>Reboot\Public</Filter>
    </ClInclude>
    <ClInclude Include="FortDecoItemDefinition.h">
      <Filter>FortniteGame\Source\FortniteGame\Public\Items</Filter>
    </ClInclude>
    <ClInclude Include="globals.h">
      <Filter>Reboot\Public</Filter>
    </ClInclude>
    <ClInclude Include="MegaStormManager.h">
      <Filter>FortniteGame\Source\FortniteGame\Public</Filter>
    </ClInclude>
    <ClInclude Include="FortVolume.h">
      <Filter>FortniteGame\Source\FortniteGame\Public\Creative</Filter>
    </ClInclude>
    <ClInclude Include="FortAthenaCreativePortal.h">
      <Filter>FortniteGame\Source\FortniteGame\Public\Creative</Filter>
    </ClInclude>
    <ClInclude Include="FortPlaysetItemDefinition.h">
      <Filter>FortniteGame\Source\FortniteGame\Public\Items</Filter>
    </ClInclude>
    <ClInclude Include="AthenaMarkerComponent.h">
      <Filter>FortniteGame\Source\FortniteGame\Public</Filter>
    </ClInclude>
    <ClInclude Include="FortInventoryInterface.h">
      <Filter>FortniteGame\Source\FortniteGame\Public\Items</Filter>
    </ClInclude>
    <ClInclude Include="BuildingTrap.h">
      <Filter>FortniteGame\Source\FortniteGame\Public\Building</Filter>
    </ClInclude>
    <ClInclude Include="BuildingGameplayActor.h">
      <Filter>FortniteGame\Source\FortniteGame\Public\Building</Filter>
    </ClInclude>
    <ClInclude Include="FortMinigame.h">
      <Filter>FortniteGame\Source\FortniteGame\Public\Creative\Minigame</Filter>
    </ClInclude>
    <ClInclude Include="die.h">
      <Filter>Reboot\Public</Filter>
    </ClInclude>
    <ClInclude Include="commands.h">
      <Filter>Reboot\Public</Filter>
    </ClInclude>
    <ClInclude Include="Player.h">
      <Filter>Engine\Source\Runtime\Engine\Classes\Engine</Filter>
    </ClInclude>
    <ClInclude Include="InventoryManagementLibrary.h">
      <Filter>FortniteGame\Source\FortniteGame\Public</Filter>
    </ClInclude>
    <ClInclude Include="OnlineReplStructs.h">
      <Filter>Engine\Source\Runtime\Engine\Classes\GameFramework</Filter>
    </ClInclude>
    <ClInclude Include="AssetPtr.h">
      <Filter>Engine\Source\Runtime\CoreUObject\Public\UObject</Filter>
    </ClInclude>
    <ClInclude Include="StringAssetReference.h">
      <Filter>Engine\Source\Runtime\CoreUObject\Public\Misc</Filter>
    </ClInclude>
    <ClInclude Include="BuildingGameplayActorSpawnMachine.h">
      <Filter>FortniteGame\Source\FortniteGame\Public\Building\GameplayActors</Filter>
    </ClInclude>
    <ClInclude Include="GameplayAbilityTypes.h">
      <Filter>Engine\Plugins\Runtime\GameplayAbilities\Source\GameplayAbilities\Public</Filter>
    </ClInclude>
    <ClInclude Include="vehicles.h">
      <Filter>Reboot\Public</Filter>
    </ClInclude>
    <ClInclude Include="FortQuickBars.h">
      <Filter>FortniteGame\Source\FortniteGame\Public\Items</Filter>
    </ClInclude>
    <ClInclude Include="WeakObjectPtrTemplates.h">
      <Filter>Engine\Source\Runtime\CoreUObject\Public\UObject</Filter>
    </ClInclude>
    <ClInclude Include="SharedPointer.h">
      <Filter>Engine\Source\Runtime\Core\Public\Templates</Filter>
    </ClInclude>
    <ClInclude Include="Level.h">
      <Filter>Engine\Source\Runtime\Engine\Classes\Engine</Filter>
    </ClInclude>
    <ClInclude Include="FortPlayerPawnAthena.h">
      <Filter>FortniteGame\Source\FortniteGame\Public\Pawns</Filter>
    </ClInclude>
    <ClInclude Include="GenericPlatformMath.h">
      <Filter>Engine\Source\Runtime\Core\Public\GenericPlatform</Filter>
    </ClInclude>
    <ClInclude Include="ActorChannel.h">
      <Filter>Engine\Source\Runtime\Engine\Classes\Engine</Filter>
    </ClInclude>
    <ClInclude Include="Channel.h">
      <Filter>Engine\Source\Runtime\Engine\Classes\Engine</Filter>
    </ClInclude>
    <ClInclude Include="NetworkGuid.h">
      <Filter>Engine\Source\Runtime\Core\Public\Misc</Filter>
    </ClInclude>
    <ClInclude Include="UnrealMathUtility.h">
      <Filter>Engine\Source\Runtime\Core\Public\Math</Filter>
    </ClInclude>
    <ClInclude Include="GenericPlatformTime.h">
      <Filter>Engine\Source\Runtime\Core\Public\GenericPlatform</Filter>
    </ClInclude>
    <ClInclude Include="RandomStream.h">
      <Filter>Engine\Source\Runtime\Core\Public\Math</Filter>
    </ClInclude>
    <ClInclude Include="FortGadgetItemDefinition.h">
      <Filter>FortniteGame\Source\FortniteGame\Public\Items</Filter>
    </ClInclude>
    <ClInclude Include="FortAbilitySet.h">
      <Filter>FortniteGame\Source\FortniteGame\Public</Filter>
    </ClInclude>
    <ClInclude Include="BGA.h">
      <Filter>Reboot\Public</Filter>
    </ClInclude>
    <ClInclude Include="vendingmachine.h">
      <Filter>Reboot\Public</Filter>
    </ClInclude>
    <ClInclude Include="FortPlaylist.h">
      <Filter>FortniteGame\Source\FortniteGame\Public</Filter>
    </ClInclude>
    <ClInclude Include="FortGameplayAbilityAthena_PeriodicItemGrant.h">
      <Filter>FortniteGame\Source\FortniteGame\Public\Abilities</Filter>
    </ClInclude>
    <ClInclude Include="Delegate.h">
      <Filter>Engine\Source\Runtime\Core\Public\Delegates</Filter>
    </ClInclude>
    <ClInclude Include="DelegateBase.h">
      <Filter>Engine\Source\Runtime\Core\Public\Delegates</Filter>
    </ClInclude>
    <ClInclude Include="Text.h">
      <Filter>Engine\Source\Runtime\Core\Public\Internationalization</Filter>
    </ClInclude>
    <ClInclude Include="SharedPointerInternals.h">
      <Filter>Engine\Source\Runtime\Core\Public\Templates</Filter>
    </ClInclude>
    <ClInclude Include="KismetTextLibrary.h">
      <Filter>Engine\Source\Runtime\Engine\Classes\Kismet</Filter>
    </ClInclude>
    <ClInclude Include="FortOctopusVehicle.h">
      <Filter>FortniteGame\Source\FortniteGame\Public\Athena\Vehicle</Filter>
    </ClInclude>
    <ClInclude Include="IntroSort.h">
      <Filter>Engine\Source\Runtime\Core\Public\Algo</Filter>
    </ClInclude>
    <ClInclude Include="Sorting.h">
      <Filter>Engine\Source\Runtime\Core\Public\Templates</Filter>
    </ClInclude>
    <ClInclude Include="Sort.h">
      <Filter>Engine\Source\Runtime\Core\Public\Algo</Filter>
    </ClInclude>
    <ClInclude Include="UnrealTemplate.h">
      <Filter>Engine\Source\Runtime\Core\Public\Templates</Filter>
    </ClInclude>
    <ClInclude Include="RemoveReference.h">
      <Filter>Engine\Source\Runtime\Core\Public\Templates</Filter>
    </ClInclude>
    <ClInclude Include="IdentityFunctor.h">
      <Filter>Engine\Source\Runtime\Core\Public\Templates</Filter>
    </ClInclude>
    <ClInclude Include="BinaryHeap.h">
      <Filter>Engine\Source\Runtime\Core\Public\Algo\Impl</Filter>
    </ClInclude>
    <ClInclude Include="Invoke.h">
      <Filter>Engine\Source\Runtime\Core\Public\Templates</Filter>
    </ClInclude>
    <ClInclude Include="Decay.h">
      <Filter>Engine\Source\Runtime\Core\Public\Templates</Filter>
    </ClInclude>
    <ClInclude Include="RemoveCV.h">
      <Filter>Engine\Source\Runtime\Core\Public\Templates</Filter>
    </ClInclude>
    <ClInclude Include="PointerIsConvertibleFromTo.h">
      <Filter>Engine\Source\Runtime\Core\Public\Templates</Filter>
    </ClInclude>
    <ClInclude Include="EnableIf.h">
      <Filter>Engine\Source\Runtime\Core\Public\Templates</Filter>
    </ClInclude>
    <ClInclude Include="IsPointer.h">
      <Filter>Engine\Source\Runtime\Core\Public\Templates</Filter>
    </ClInclude>
    <ClInclude Include="IsArithmetic.h">
      <Filter>Engine\Source\Runtime\Core\Public\Templates</Filter>
    </ClInclude>
    <ClInclude Include="AndOrNot.h">
      <Filter>Engine\Source\Runtime\Core\Public\Templates</Filter>
    </ClInclude>
    <ClInclude Include="TypeCompatibleBytes.h">
      <Filter>Engine\Source\Runtime\Core\Public\Templates</Filter>
    </ClInclude>
    <ClInclude Include="ReversePredicate.h">
      <Filter>Engine\Source\Runtime\Core\Public\Templates</Filter>
    </ClInclude>
    <ClInclude Include="IsEnum.h">
      <Filter>Engine\Source\Runtime\Core\Public\Templates</Filter>
    </ClInclude>
    <ClInclude Include="AssertionMacros.h">
      <Filter>Engine\Source\Runtime\Core\Public\Misc</Filter>
    </ClInclude>
    <ClInclude Include="IsPODType.h">
      <Filter>Engine\Source\Runtime\Core\Public\Templates</Filter>
    </ClInclude>
    <ClInclude Include="BuildingStructuralSupportSystem.h">
      <Filter>FortniteGame\Source\FortniteGame\Public</Filter>
    </ClInclude>
    <ClInclude Include="anticheat.h">
      <Filter>Reboot\Public</Filter>
    </ClInclude>
    <ClInclude Include="AttributeSet.h">
      <Filter>Engine\Plugins\Runtime\GameplayAbilities\Source\GameplayAbilities\Public</Filter>
    </ClInclude>
    <ClInclude Include="FortWeaponRangedMountedCannon.h">
      <Filter>FortniteGame\Source\FortniteGame\Public\Athena\Vehicle</Filter>
    </ClInclude>
    <ClInclude Include="FortMountedCannon.h">
      <Filter>FortniteGame\Source\FortniteGame\Public\Athena\Vehicle</Filter>
    </ClInclude>
    <ClInclude Include="FortAthenaSKPushCannon.h">
      <Filter>FortniteGame\Source\FortniteGame\Public\Athena\Vehicle</Filter>
    </ClInclude>
    <ClInclude Include="MemoryOps.h">
      <Filter>Engine\Source\Runtime\Core\Public\Templates</Filter>
    </ClInclude>
    <ClInclude Include="NumericLimits.h">
      <Filter>Engine\Source\Runtime\Core\Public\Math</Filter>
    </ClInclude>
    <ClInclude Include="IsTriviallyCopyConstructible.h">
      <Filter>Engine\Source\Runtime\Core\Public\Templates</Filter>
    </ClInclude>
    <ClInclude Include="CheatManager.h">
      <Filter>Engine\Source\Runtime\Engine\Classes\GameFramework</Filter>
    </ClInclude>
    <ClInclude Include="BuildingFoundation.h">
      <Filter>FortniteGame\Source\FortniteGame\Public\Building</Filter>
    </ClInclude>
    <ClInclude Include="LatentActionManager.h">
      <Filter>Engine\Source\Runtime\Engine\Classes\Engine</Filter>
    </ClInclude>
    <ClInclude Include="FortSafeZoneIndicator.h">
      <Filter>FortniteGame\Source\FortniteGame\Public</Filter>
    </ClInclude>
    <ClInclude Include="AthenaBarrierFlag.h">
      <Filter>FortniteGame\Source\FortniteGame\Public\Building\GameplayActors\Barrier</Filter>
    </ClInclude>
    <ClInclude Include="AthenaBarrierObjective.h">
      <Filter>FortniteGame\Source\FortniteGame\Public\Building\GameplayActors\Barrier</Filter>
    </ClInclude>
    <ClInclude Include="AthenaBigBaseWall.h">
      <Filter>FortniteGame\Source\FortniteGame\Public\Building\GameplayActors\Barrier</Filter>
    </ClInclude>
    <ClInclude Include="Interface.h">
      <Filter>Engine\Source\Runtime\CoreUObject\Public\UObject</Filter>
    </ClInclude>
    <ClInclude Include="TimerManager.h">
      <Filter>Engine\Source\Runtime\Engine\Public</Filter>
    </ClInclude>
    <ClInclude Include="DelegateCombinations.h">
      <Filter>Engine\Source\Runtime\Core\Public\Delegates</Filter>
    </ClInclude>
    <ClInclude Include="ScriptDelegates.h">
      <Filter>Engine\Source\Runtime\CoreUObject\Public\UObject</Filter>
    </ClInclude>
    <ClInclude Include="GenericPlatformMisc.h">
      <Filter>Engine\Source\Runtime\Core\Public\GenericPlatform</Filter>
    </ClInclude>
    <ClInclude Include="Function.h">
      <Filter>Engine\Source\Runtime\Core\Public\Templates</Filter>
    </ClInclude>
    <ClInclude Include="GameInstance.h">
      <Filter>Engine\Source\Runtime\Engine\Classes\Engine</Filter>
    </ClInclude>
    <ClInclude Include="DelegateInstanceInterface.h">
      <Filter>Engine\Source\Runtime\Core\Public\Delegates</Filter>
    </ClInclude>
    <ClInclude Include="TypeWrapper.h">
      <Filter>Engine\Source\Runtime\Core\Public\Templates</Filter>
    </ClInclude>
    <ClInclude Include="FortGameModePickup.h">
      <Filter>FortniteGame\Source\FortniteGame\Public\Items</Filter>
    </ClInclude>
    <ClInclude Include="moderation.h">
      <Filter>Reboot\Public</Filter>
    </ClInclude>
    <ClInclude Include="builder.h">
      <Filter>Reboot\Public</Filter>
    </ClInclude>
    <ClInclude Include="FortAthenaMapInfo.h">
      <Filter>FortniteGame\Source\FortniteGame\Public</Filter>
    </ClInclude>
    <ClInclude Include="Package.h">
      <Filter>Engine\Source\Runtime\CoreUObject\Public\UObject</Filter>
    </ClInclude>
    <ClInclude Include="FortAthenaVehicleSpawner.h">
      <Filter>FortniteGame\Source\FortniteGame\Public\Athena\Vehicle</Filter>
    </ClInclude>
    <ClInclude Include="FortAthenaSupplyDrop.h">
      <Filter>FortniteGame\Source\FortniteGame\Public\Building</Filter>
    </ClInclude>
    <ClInclude Include="Vector.h">
      <Filter>Engine\Source\Runtime\Core\Public\Math</Filter>
    </ClInclude>
    <ClInclude Include="Vector2D.h">
      <Filter>Engine\Source\Runtime\Core\Public\Math</Filter>
    </ClInclude>
    <ClInclude Include="UnrealTypeTraits.h">
      <Filter>Engine\Source\Runtime\Core\Public\Templates</Filter>
    </ClInclude>
    <ClInclude Include="FortLootLevel.h">
      <Filter>FortniteGame\Source\FortniteGame\Public\Items</Filter>
    </ClInclude>
    <ClInclude Include="bots.h">
      <Filter>Reboot\Public</Filter>
    </ClInclude>
    <ClInclude Include="gui.h">
      <Filter>Reboot\Public</Filter>
    </ClInclude>
    <ClInclude Include="FortAthenaMutator.h">
      <Filter>FortniteGame\Source\FortniteGame\Public\Athena</Filter>
    </ClInclude>
    <ClInclude Include="FortAthenaMutator_Disco.h">
      <Filter>FortniteGame\Source\FortniteGame\Public\Athena\Modifiers</Filter>
    </ClInclude>
    <ClInclude Include="FortAthenaMutator_Barrier.h">
      <Filter>FortniteGame\Source\FortniteGame\Public\Athena\Modifiers</Filter>
    </ClInclude>
    <ClInclude Include="FortAthenaMutator_GG.h">
      <Filter>FortniteGame\Source\FortniteGame\Public\Athena\Modifiers</Filter>
    </ClInclude>
    <ClInclude Include="FortAthenaMutator_GiveItemsAtGamePhaseStep.h">
      <Filter>FortniteGame\Source\FortniteGame\Public\Athena\Modifiers</Filter>
    </ClInclude>
    <ClInclude Include="FortAthenaMutator_Heist.h">
      <Filter>FortniteGame\Source\FortniteGame\Public\Athena\Modifiers</Filter>
    </ClInclude>
    <ClInclude Include="FortAthenaMutator_InventoryOverride.h">
      <Filter>FortniteGame\Source\FortniteGame\Public\Athena\Modifiers</Filter>
    </ClInclude>
    <ClInclude Include="FortAthenaMutator_ItemDropOnDeath.h">
      <Filter>FortniteGame\Source\FortniteGame\Public\Athena\Modifiers</Filter>
    </ClInclude>
    <ClInclude Include="FortAthenaMutator_InventoryOverride_Bucket.h">
      <Filter>FortniteGame\Source\FortniteGame\Public\Athena\Modifiers</Filter>
    </ClInclude>
    <ClInclude Include="FortAthenaMutator_TDM.h">
      <Filter>FortniteGame\Source\FortniteGame\Public\Athena\Modifiers</Filter>
    </ClInclude>
    <ClInclude Include="FortAthenaMutator_LoadoutSwap.h">
      <Filter>FortniteGame\Source\FortniteGame\Public\Athena\Modifiers</Filter>
    </ClInclude>
    <ClInclude Include="inc.h">
      <Filter>Reboot\Public</Filter>
    </ClInclude>
    <ClInclude Include="ai.h">
      <Filter>Reboot\Public</Filter>
    </ClInclude>
    <ClInclude Include="FortGameSessionDedicatedAthena.h">
      <Filter>FortniteGame\Source\FortniteGame\Public\Athena</Filter>
    </ClInclude>
    <ClInclude Include="AthenaResurrectionComponent.h">
      <Filter>FortniteGame\Source\FortniteGame\Public</Filter>
    </ClInclude>
    <ClInclude Include="BuildingRift.h">
      <Filter>FortniteGame\Source\FortniteGame\Public\Building</Filter>
    </ClInclude>
    <ClInclude Include="BP_IslandScripting.h">
      <Filter>FortniteGame\Source\FortniteGame\Public\Athena\Island</Filter>
    </ClInclude>
    <ClInclude Include="LevelStreamingDynamic.h">
      <Filter>Engine\Source\Runtime\Engine\Classes\Engine</Filter>
    </ClInclude>
    <ClInclude Include="LevelStreaming.h">
      <Filter>Engine\Source\Runtime\Engine\Classes\Engine</Filter>
    </ClInclude>
    <ClInclude Include="FortAthenaMutator_Bots.h">
      <Filter>FortniteGame\Source\FortniteGame\Public\Athena\Modifiers</Filter>
    </ClInclude>
    <ClInclude Include="FortAthenaNpcPatrollingComponent.h">
      <Filter>FortniteGame\Source\FortniteGame\Public\AI</Filter>
    </ClInclude>
    <ClInclude Include="FortAthenaPatrolPath.h">
      <Filter>FortniteGame\Source\FortniteGame\Public\AI</Filter>
    </ClInclude>
    <ClInclude Include="FortAthenaVehicle.h">
      <Filter>FortniteGame\Source\FortniteGame\Public\Athena</Filter>
    </ClInclude>
    <ClInclude Include="FortAIEncounterInfo.h">
      <Filter>FortniteGame\Source\FortniteGame\Public\AI</Filter>
    </ClInclude>
    <ClInclude Include="EnvQuery.h">
      <Filter>Engine\Source\Runtime\AIModule\Classes\EnvironmentQuery</Filter>
    </ClInclude>
    <ClInclude Include="EnvQueryTypes.h">
      <Filter>Engine\Source\Runtime\AIModule\Classes\EnvironmentQuery</Filter>
    </ClInclude>
    <ClInclude Include="ScriptDisassembler.h">
      <Filter>Engine\Source\Developer\ScriptDisassembler\Public</Filter>
    </ClInclude>
    <ClInclude Include="FortBotNameSettings.h">
      <Filter>FortniteGame\Source\FortniteGame\Public\AI</Filter>
    </ClInclude>
    <ClInclude Include="FortAthenaAIBotCharacterCustomization.h">
      <Filter>FortniteGame\Source\FortniteGame\Public\AI</Filter>
    </ClInclude>
    <ClInclude Include="FortAthenaAIBotCustomizationData.h">
      <Filter>FortniteGame\Source\FortniteGame\Public\AI</Filter>
    </ClInclude>
    <ClInclude Include="BuildingItemWeaponUpgradeActor.h">
      <Filter>FortniteGame\Source\FortniteGame\Public\Building\GameplayActors</Filter>
    </ClInclude>
    <ClInclude Include="discord.h">
      <Filter>Reboot\Public</Filter>
    </ClInclude>
    <ClInclude Include="FortVehicleItemDefinition.h">
      <Filter>FortniteGame\Source\FortniteGame\Public\Athena\Vehicle</Filter>
    </ClInclude>
    <ClInclude Include="FortDagwoodVehicle.h">
      <Filter>FortniteGame\Source\FortniteGame\Public\Athena\Vehicle</Filter>
    </ClInclude>
    <ClInclude Include="objectviewer.h">
      <Filter>Reboot\Public</Filter>
    </ClInclude>
    <ClInclude Include="AthenaPlayerMatchReport.h">
      <Filter>FortniteGame\Source\FortniteGame\Public\Stats</Filter>
    </ClInclude>
    <ClInclude Include="FortPlaylistAthena.h">
      <Filter>FortniteGame\Source\FortniteGame\Public</Filter>
    </ClInclude>
  </ItemGroup>
  <ItemGroup>
    <Filter Include="Engine">
      <UniqueIdentifier>{b88dd971-6115-4cb9-92c3-7bb9a4d9474a}</UniqueIdentifier>
    </Filter>
    <Filter Include="Engine\Source">
      <UniqueIdentifier>{44b71ed5-9173-4e31-9938-2214bbc4b0e8}</UniqueIdentifier>
    </Filter>
    <Filter Include="Engine\Source\Runtime">
      <UniqueIdentifier>{3cc1cd7a-b3d3-47e9-960e-3fb3814fb588}</UniqueIdentifier>
    </Filter>
    <Filter Include="Engine\Source\Runtime\Core">
      <UniqueIdentifier>{f9419e52-4764-4d38-b071-87c82b9c2317}</UniqueIdentifier>
    </Filter>
    <Filter Include="Engine\Source\Runtime\Core\Private">
      <UniqueIdentifier>{40e6dd42-e035-44da-8cc3-768d479865f6}</UniqueIdentifier>
    </Filter>
    <Filter Include="Engine\Source\Runtime\Core\Private\UObject">
      <UniqueIdentifier>{9613f557-a37d-4e60-9462-19db955824bc}</UniqueIdentifier>
    </Filter>
    <Filter Include="Engine\Source\Runtime\Core\Public">
      <UniqueIdentifier>{eabe5e8e-f084-4bcb-b302-af5d52ebfe39}</UniqueIdentifier>
    </Filter>
    <Filter Include="Engine\Source\Runtime\Core\Public\Containers">
      <UniqueIdentifier>{d7b8c9a5-5bbe-49a8-b5b0-3ff6d626534f}</UniqueIdentifier>
    </Filter>
    <Filter Include="Engine\Source\Runtime\Core\Public\UObject">
      <UniqueIdentifier>{e959a791-dbdf-4ec3-a3b3-7f75724d3ce5}</UniqueIdentifier>
    </Filter>
    <Filter Include="FortniteGame">
      <UniqueIdentifier>{81055b71-1fa3-44f0-b3b8-1b6c8c464514}</UniqueIdentifier>
    </Filter>
    <Filter Include="Reboot">
      <UniqueIdentifier>{08555946-4ef9-4777-94fb-9025ca2dfe61}</UniqueIdentifier>
    </Filter>
    <Filter Include="Engine\Source\Runtime\CoreUObject">
      <UniqueIdentifier>{34d20f6d-7b34-47a0-b7d5-fcfff1e61401}</UniqueIdentifier>
    </Filter>
    <Filter Include="Engine\Source\Runtime\CoreUObject\Private">
      <UniqueIdentifier>{71e5f0ae-2081-44af-9847-63afa97ecb00}</UniqueIdentifier>
    </Filter>
    <Filter Include="Engine\Source\Runtime\CoreUObject\Public">
      <UniqueIdentifier>{b7da14ca-b328-43b1-988b-84af45b808ba}</UniqueIdentifier>
    </Filter>
    <Filter Include="Engine\Source\Runtime\CoreUObject\Public\UObject">
      <UniqueIdentifier>{493b9ebf-983a-4560-a8fc-72781136acdd}</UniqueIdentifier>
    </Filter>
    <Filter Include="Engine\Source\Runtime\Engine">
      <UniqueIdentifier>{a7131bef-c957-4218-a28c-f1ed68b3fcf2}</UniqueIdentifier>
    </Filter>
    <Filter Include="Engine\Source\Runtime\Engine\Classes">
      <UniqueIdentifier>{f889566a-76be-45e4-824e-71bd6d57c8a6}</UniqueIdentifier>
    </Filter>
    <Filter Include="Engine\Source\Runtime\Engine\Private">
      <UniqueIdentifier>{58aa6032-1f71-43db-8de6-de3fd72baae5}</UniqueIdentifier>
    </Filter>
    <Filter Include="Engine\Source\Runtime\Engine\Classes\Engine">
      <UniqueIdentifier>{812667a2-87b9-4901-bea3-1b5f9f757892}</UniqueIdentifier>
    </Filter>
    <Filter Include="Engine\Source\Runtime\Core\Public\Misc">
      <UniqueIdentifier>{52fcb572-6fc2-4315-a929-690dc0ab0f97}</UniqueIdentifier>
    </Filter>
    <Filter Include="Engine\Source\Runtime\Engine\Classes\GameFramework">
      <UniqueIdentifier>{a736197d-560f-4eb7-9beb-8add1012ce04}</UniqueIdentifier>
    </Filter>
    <Filter Include="Engine\Source\Runtime\Engine\Classes\Kismet">
      <UniqueIdentifier>{ffd2b7f3-d44a-45f3-8c06-7c24cd9909de}</UniqueIdentifier>
    </Filter>
    <Filter Include="FortniteGame\Source">
      <UniqueIdentifier>{2f1b66bd-6006-4ab0-9924-8aaaac4af427}</UniqueIdentifier>
    </Filter>
    <Filter Include="FortniteGame\Source\FortniteGame">
      <UniqueIdentifier>{f97d67ee-e06e-4721-8318-a23f4279e620}</UniqueIdentifier>
    </Filter>
    <Filter Include="FortniteGame\Source\FortniteGame\Private">
      <UniqueIdentifier>{21ca8107-eea3-4cf5-ae5a-17159838820c}</UniqueIdentifier>
    </Filter>
    <Filter Include="FortniteGame\Source\FortniteGame\Public">
      <UniqueIdentifier>{717548a7-0c7f-4bdb-bb99-5744b0e206c0}</UniqueIdentifier>
    </Filter>
    <Filter Include="Engine\Source\Runtime\Core\Public\Math">
      <UniqueIdentifier>{4533fd04-0668-4607-a456-0f781bad54f9}</UniqueIdentifier>
    </Filter>
    <Filter Include="FortniteGame\Source\FortniteGame\Private\Items">
      <UniqueIdentifier>{02d68293-0dad-48ba-a61f-60fbfdab971e}</UniqueIdentifier>
    </Filter>
    <Filter Include="FortniteGame\Source\FortniteGame\Public\Items">
      <UniqueIdentifier>{7b146e1a-c896-42ff-bffe-b7a6f6b0240a}</UniqueIdentifier>
    </Filter>
    <Filter Include="FortniteGame\Source\FortniteGame\Public\Player">
      <UniqueIdentifier>{ccf18d87-2aa4-4f58-bd54-7271e99845b5}</UniqueIdentifier>
    </Filter>
    <Filter Include="FortniteGame\Source\FortniteGame\Private\Pawns">
      <UniqueIdentifier>{3a7564c8-56c2-4273-8a34-67dafe5522c4}</UniqueIdentifier>
    </Filter>
    <Filter Include="FortniteGame\Source\FortniteGame\Public\Pawns">
      <UniqueIdentifier>{4f177a72-585d-4b79-a258-26bb6d2c225c}</UniqueIdentifier>
    </Filter>
    <Filter Include="Engine\Plugins">
      <UniqueIdentifier>{826a509f-03f4-4a18-a9bf-d67b69fe3b93}</UniqueIdentifier>
    </Filter>
    <Filter Include="Engine\Plugins\Runtime">
      <UniqueIdentifier>{55eb1be2-e289-436e-9a10-68ca9f20d6d9}</UniqueIdentifier>
    </Filter>
    <Filter Include="Engine\Plugins\Runtime\GameplayAbilities">
      <UniqueIdentifier>{ff05565d-6ed7-4f30-9378-1951bab60567}</UniqueIdentifier>
    </Filter>
    <Filter Include="Engine\Plugins\Runtime\GameplayAbilities\Source">
      <UniqueIdentifier>{d42d8fb0-7e1c-4194-bc0e-a0257dd6dbec}</UniqueIdentifier>
    </Filter>
    <Filter Include="Engine\Plugins\Runtime\GameplayAbilities\Source\GameplayAbilities">
      <UniqueIdentifier>{a29f6a34-9f04-43ac-adae-48d4751a761d}</UniqueIdentifier>
    </Filter>
    <Filter Include="Engine\Plugins\Runtime\GameplayAbilities\Source\GameplayAbilities\Private">
      <UniqueIdentifier>{87195f09-7368-4d8d-88cb-224e3f96ae43}</UniqueIdentifier>
    </Filter>
    <Filter Include="Engine\Plugins\Runtime\GameplayAbilities\Source\GameplayAbilities\Public">
      <UniqueIdentifier>{9cdf2185-5e04-4d3e-82a0-2e936f905379}</UniqueIdentifier>
    </Filter>
    <Filter Include="FortniteGame\Source\FortniteGame\Private\Player">
      <UniqueIdentifier>{a12cb364-3e34-454a-958f-b1fe54534353}</UniqueIdentifier>
    </Filter>
    <Filter Include="Engine\Source\Runtime\Core\Private\Math">
      <UniqueIdentifier>{6c0193a3-7b06-4298-99fe-a5a18be27d58}</UniqueIdentifier>
    </Filter>
    <Filter Include="FortniteGame\Source\FortniteGame\Private\Weapons">
      <UniqueIdentifier>{4ec49a59-4f0a-424b-9ac7-24901766da09}</UniqueIdentifier>
    </Filter>
    <Filter Include="Engine\Source\Runtime\Engine\Classes\Components">
      <UniqueIdentifier>{aa080dc3-54fb-43f1-b53f-2439e559198d}</UniqueIdentifier>
    </Filter>
    <Filter Include="Engine\Source\Runtime\Engine\Private\Components">
      <UniqueIdentifier>{eab3cd46-ced6-4e56-9fda-ed35ec9f9f64}</UniqueIdentifier>
    </Filter>
    <Filter Include="FortniteGame\Source\FortniteGame\Public\Building">
      <UniqueIdentifier>{a6fd658c-6824-4186-b45e-2edf5d20eeae}</UniqueIdentifier>
    </Filter>
    <Filter Include="FortniteGame\Source\FortniteGame\Private\Building">
      <UniqueIdentifier>{1f8bc849-7da5-4917-a055-443ae102c233}</UniqueIdentifier>
    </Filter>
    <Filter Include="Engine\Source\Runtime\GameplayTags">
      <UniqueIdentifier>{3f2848b1-9e39-4c4b-b3bb-b4b5a8bb8360}</UniqueIdentifier>
    </Filter>
    <Filter Include="Engine\Source\Runtime\GameplayTags\Classes">
      <UniqueIdentifier>{247d4c62-23f7-4964-8879-5a0d65c44a73}</UniqueIdentifier>
    </Filter>
    <Filter Include="FortniteGame\Source\FortniteGame\Public\Weapons">
      <UniqueIdentifier>{bcb0d983-0b85-4ca6-9fac-6567c7d79921}</UniqueIdentifier>
    </Filter>
    <Filter Include="Reboot\Public">
      <UniqueIdentifier>{ad1c6299-9a6d-4eba-a1f8-66642a8afd21}</UniqueIdentifier>
    </Filter>
    <Filter Include="FortniteGame\Source\FortniteGame\Public\Creative">
      <UniqueIdentifier>{51b57917-fec7-41b7-bdc8-ad284a5385a4}</UniqueIdentifier>
    </Filter>
    <Filter Include="FortniteGame\Source\FortniteGame\Private\Creative">
      <UniqueIdentifier>{d48c31c9-7283-4102-b951-dc0165e91836}</UniqueIdentifier>
    </Filter>
    <Filter Include="FortniteGame\Source\FortniteGame\Public\Building\GameplayActors">
      <UniqueIdentifier>{ec38a50b-6bc9-440b-adf1-2291094b700f}</UniqueIdentifier>
    </Filter>
    <Filter Include="FortniteGame\Source\FortniteGame\Private\Building\GameplayActors">
      <UniqueIdentifier>{18a41ed2-b864-4a36-9396-cb0672b8464d}</UniqueIdentifier>
    </Filter>
    <Filter Include="FortniteGame\Source\FortniteGame\Private\Creative\Minigame">
      <UniqueIdentifier>{7905895d-5ebf-4313-a9de-06f507c35113}</UniqueIdentifier>
    </Filter>
    <Filter Include="Engine\Source\Runtime\CoreUObject\Public\Misc">
      <UniqueIdentifier>{915f7622-6003-445e-a43f-04d5c7e13b49}</UniqueIdentifier>
    </Filter>
    <Filter Include="Engine\Source\Runtime\Core\Public\Templates">
      <UniqueIdentifier>{31a7f342-8b7c-4594-a24d-c4dd5c9d230d}</UniqueIdentifier>
    </Filter>
    <Filter Include="Engine\Source\Runtime\Core\Public\GenericPlatform">
      <UniqueIdentifier>{653d6dbf-b361-41ea-a9b8-b85737412d66}</UniqueIdentifier>
    </Filter>
    <Filter Include="FortniteGame\Source\FortniteGame\Public\Abilities">
      <UniqueIdentifier>{8c77fdeb-c742-4e09-9790-7d32f5240b38}</UniqueIdentifier>
    </Filter>
    <Filter Include="FortniteGame\Source\FortniteGame\Private\Abilities">
      <UniqueIdentifier>{d0555c50-6464-4766-ad1f-2a7ae8b3b5dd}</UniqueIdentifier>
    </Filter>
    <Filter Include="Engine\Source\Runtime\Core\Public\Delegates">
      <UniqueIdentifier>{d01c7b5d-ef89-43ec-b94f-882c419aa74b}</UniqueIdentifier>
    </Filter>
    <Filter Include="Engine\Source\Runtime\Core\Public\Internationalization">
      <UniqueIdentifier>{b00f4455-11e7-4fd9-aa6d-2d814788b544}</UniqueIdentifier>
    </Filter>
    <Filter Include="Engine\Source\Runtime\Core\Public\Algo">
      <UniqueIdentifier>{98f1bd0d-3eea-4d54-8bff-65ecf4ab1e73}</UniqueIdentifier>
    </Filter>
    <Filter Include="Engine\Source\Runtime\Core\Public\Algo\Impl">
      <UniqueIdentifier>{74e42db4-bdac-4e42-bb7e-58f1ab17b738}</UniqueIdentifier>
    </Filter>
    <Filter Include="Libaries">
      <UniqueIdentifier>{c0586029-3b4a-48f9-8de9-5b48a972cb5e}</UniqueIdentifier>
    </Filter>
    <Filter Include="Libaries\ImGUI">
      <UniqueIdentifier>{2eee3380-ea4b-4137-b058-b57a7b66005e}</UniqueIdentifier>
    </Filter>
    <Filter Include="FortniteGame\Source\FortniteGame\Public\Athena">
      <UniqueIdentifier>{af212a31-57d1-4345-a73f-cd28dc4ebd2f}</UniqueIdentifier>
    </Filter>
    <Filter Include="FortniteGame\Source\FortniteGame\Public\Athena\Vehicle">
      <UniqueIdentifier>{b1cc2ad4-6196-455c-bda7-d0a2e7be2e70}</UniqueIdentifier>
    </Filter>
    <Filter Include="FortniteGame\Source\FortniteGame\Public\Building\GameplayActors\Barrier">
      <UniqueIdentifier>{a633ca3f-f699-4c92-8522-e49a14157b95}</UniqueIdentifier>
    </Filter>
    <Filter Include="FortniteGame\Source\FortniteGame\Public\Creative\Minigame">
      <UniqueIdentifier>{a28fab04-cc3c-4032-ac3e-22c6b9379312}</UniqueIdentifier>
    </Filter>
    <Filter Include="Engine\Source\Runtime\Engine\Public">
      <UniqueIdentifier>{3d909143-220c-44b3-819f-79d282c3fc0f}</UniqueIdentifier>
    </Filter>
    <Filter Include="Engine\Source\Runtime\Core\Private\GenericPlatform">
      <UniqueIdentifier>{c04eb59f-e186-49a3-a145-1fd3dc1dcd3d}</UniqueIdentifier>
    </Filter>
    <Filter Include="Reboot\Private">
      <UniqueIdentifier>{563ca89b-be74-42a6-a995-f87ac7a532e4}</UniqueIdentifier>
    </Filter>
    <Filter Include="FortniteGame\Source\FortniteGame\Public\Athena\Modifiers">
      <UniqueIdentifier>{39656a6c-bfe1-4521-8652-aea0146564d6}</UniqueIdentifier>
    </Filter>
    <Filter Include="FortniteGame\Source\FortniteGame\Private\Athena">
      <UniqueIdentifier>{411d5144-2703-4a96-a7b0-9f2a81abdead}</UniqueIdentifier>
    </Filter>
    <Filter Include="FortniteGame\Source\FortniteGame\Private\Athena\Modifiers">
      <UniqueIdentifier>{ade44d65-f7a4-4fc9-ac38-637c84493b58}</UniqueIdentifier>
    </Filter>
    <Filter Include="FortniteGame\Source\FortniteGame\Public\Athena\Island">
      <UniqueIdentifier>{7df06629-6271-4cd1-8f2c-ad8d6829b069}</UniqueIdentifier>
    </Filter>
    <Filter Include="FortniteGame\Source\FortniteGame\Private\Athena\Island">
      <UniqueIdentifier>{2d9beb55-a616-440e-8861-6a05f0ee2ef3}</UniqueIdentifier>
    </Filter>
    <Filter Include="FortniteGame\Source\FortniteGame\Public\AI">
      <UniqueIdentifier>{d4816986-6cba-4c02-aab1-19108664cbb1}</UniqueIdentifier>
    </Filter>
    <Filter Include="FortniteGame\Source\FortniteGame\Public\AI\Navigation">
      <UniqueIdentifier>{8953303f-bfb2-4d61-945e-994fb1761cd8}</UniqueIdentifier>
    </Filter>
    <Filter Include="Engine\Source\Runtime\AIModule">
      <UniqueIdentifier>{7442549c-8d75-4bdb-a44a-df55140720c9}</UniqueIdentifier>
    </Filter>
    <Filter Include="Engine\Source\Runtime\AIModule\Classes">
      <UniqueIdentifier>{ababaf56-50f2-4d78-baa6-bad1b5ca1cf1}</UniqueIdentifier>
    </Filter>
    <Filter Include="Engine\Source\Runtime\AIModule\Classes\EnvironmentQuery">
      <UniqueIdentifier>{9b5483b5-3984-4fe1-96d2-e37d72642efd}</UniqueIdentifier>
    </Filter>
    <Filter Include="Engine\Source\Developer">
      <UniqueIdentifier>{4c658de2-f9aa-4a42-9d7c-21014cb29b3d}</UniqueIdentifier>
    </Filter>
    <Filter Include="Engine\Source\Developer\ScriptDisassembler">
      <UniqueIdentifier>{f64d3dc0-39df-46a5-a451-2f9011ecbad1}</UniqueIdentifier>
    </Filter>
    <Filter Include="Engine\Source\Developer\ScriptDisassembler\Public">
      <UniqueIdentifier>{1df3fb86-ba8f-446d-be0c-cfeb7ec94137}</UniqueIdentifier>
    </Filter>
    <Filter Include="Engine\Source\Developer\ScriptDisassembler\Private">
      <UniqueIdentifier>{45f601de-1a88-490c-a74a-5cf729b16dfb}</UniqueIdentifier>
    </Filter>
    <Filter Include="FortniteGame\Source\FortniteGame\Private\Vehicle">
      <UniqueIdentifier>{702a4ab1-e5e1-46e1-b8cd-2fab1c4fb48c}</UniqueIdentifier>
    </Filter>
    <Filter Include="FortniteGame\Source\FortniteGame\Public\Stats">
      <UniqueIdentifier>{3c8e3f87-8a4c-4220-b952-39b0e0315e85}</UniqueIdentifier>
    </Filter>
  </ItemGroup>
  <ItemGroup>
    <None Include="UnrealEngine.cpp">
      <Filter>Engine\Source\Runtime\Engine\Private</Filter>
    </None>
    <None Include="DelegateSignatureImpl.inl">
      <Filter>Engine\Source\Runtime\Core\Public\Delegates</Filter>
    </None>
    <None Include="ExpressionParserTypes.inl">
      <Filter>Engine\Source\Runtime\Core\Public\Misc</Filter>
    </None>
  </ItemGroup>
</Project>